
Microsoft Visual Studio Solution File, Format Version 12.00
# Visual Studio Version 17
VisualStudioVersion = 17.11.35312.102
MinimumVisualStudioVersion = 10.0.40219.1
Project("{FAE04EC0-301F-11D3-BF4B-00C04F79EFBC}") = "Objektuwka", "Objektuwka\Objektuwka.csproj", "{43E6BD47-AE58-47A2-B299-73DB0F84EF04}"
EndProject
Global
	GlobalSection(SolutionConfigurationPlatforms) = preSolution
		Debug|Any CPU = Debug|Any CPU
		Release|Any CPU = Release|Any CPU
	EndGlobalSection
	GlobalSection(ProjectConfigurationPlatforms) = postSolution
		{43E6BD47-AE58-47A2-B299-73DB0F84EF04}.Debug|Any CPU.ActiveCfg = Debug|Any CPU
		{43E6BD47-AE58-47A2-B299-73DB0F84EF04}.Debug|Any CPU.Build.0 = Debug|Any CPU
		{43E6BD47-AE58-47A2-B299-73DB0F84EF04}.Release|Any CPU.ActiveCfg = Release|Any CPU
		{43E6BD47-AE58-47A2-B299-73DB0F84EF04}.Release|Any CPU.Build.0 = Release|Any CPU
	EndGlobalSection
	GlobalSection(SolutionProperties) = preSolution
		HideSolutionNode = FALSE
	EndGlobalSection
	GlobalSection(ExtensibilityGlobals) = postSolution
		SolutionGuid = {7971BF30-1195-4B7B-994B-CCCFA63D4B40}
	EndGlobalSection
EndGlobal
